
Microsoft Visual Studio Solution File, Format Version 12.00
# Visual Studio Version 17
VisualStudioVersion = 17.4.33213.308
MinimumVisualStudioVersion = 10.0.40219.1
Project("{FAE04EC0-301F-11D3-BF4B-00C04F79EFBC}") = "COMPA.LectureActivity1", "COMPA.LectureActivity1\COMPA.LectureActivity1.csproj", "{4874D017-3B70-4AD4-A741-8586B5719D89}"
EndProject
Global
	GlobalSection(SolutionConfigurationPlatforms) = preSolution
		Debug|Any CPU = Debug|Any CPU
		Release|Any CPU = Release|Any CPU
	EndGlobalSection
	GlobalSection(ProjectConfigurationPlatforms) = postSolution
		{4874D017-3B70-4AD4-A741-8586B5719D89}.Debug|Any CPU.ActiveCfg = Debug|Any CPU
		{4874D017-3B70-4AD4-A741-8586B5719D89}.Debug|Any CPU.Build.0 = Debug|Any CPU
		{4874D017-3B70-4AD4-A741-8586B5719D89}.Release|Any CPU.ActiveCfg = Release|Any CPU
		{4874D017-3B70-4AD4-A741-8586B5719D89}.Release|Any CPU.Build.0 = Release|Any CPU
	EndGlobalSection
	GlobalSection(SolutionProperties) = preSolution
		HideSolutionNode = FALSE
	EndGlobalSection
	GlobalSection(ExtensibilityGlobals) = postSolution
		SolutionGuid = {02BEEC4A-8DA6-4CDD-9994-27F9400B5184}
	EndGlobalSection
EndGlobal
